
Microsoft Visual Studio Solution File, Format Version 12.00
# Visual Studio Version 17
VisualStudioVersion = 17.9.34728.123
MinimumVisualStudioVersion = 10.0.40219.1
Project("{FAE04EC0-301F-11D3-BF4B-00C04F79EFBC}") = "LR_Nasl 1", "LR_Nasl 1\LR_Nasl 1.csproj", "{C4AF062A-1132-499D-A752-F0A314672937}"
EndProject
Global
	GlobalSection(SolutionConfigurationPlatforms) = preSolution
		Debug|Any CPU = Debug|Any CPU
		Release|Any CPU = Release|Any CPU
	EndGlobalSection
	GlobalSection(ProjectConfigurationPlatforms) = postSolution
		{C4AF062A-1132-499D-A752-F0A314672937}.Debug|Any CPU.ActiveCfg = Debug|Any CPU
		{C4AF062A-1132-499D-A752-F0A314672937}.Debug|Any CPU.Build.0 = Debug|Any CPU
		{C4AF062A-1132-499D-A752-F0A314672937}.Release|Any CPU.ActiveCfg = Release|Any CPU
		{C4AF062A-1132-499D-A752-F0A314672937}.Release|Any CPU.Build.0 = Release|Any CPU
	EndGlobalSection
	GlobalSection(SolutionProperties) = preSolution
		HideSolutionNode = FALSE
	EndGlobalSection
	GlobalSection(ExtensibilityGlobals) = postSolution
		SolutionGuid = {220B56B0-2B95-4E03-80E5-3D6B27ADB7D9}
	EndGlobalSection
EndGlobal
